
Microsoft Visual Studio Solution File, Format Version 12.00
# Visual Studio Version 16
VisualStudioVersion = 16.0.32602.291
MinimumVisualStudioVersion = 10.0.40219.1
Project("{FAE04EC0-301F-11D3-BF4B-00C04F79EFBC}") = "Translation.Android", "Translation.Android\Translation.Android.csproj", "{9EF22E17-3DCC-4146-9046-B0C55D78AB1B}"
EndProject
Project("{9A19103F-16F7-4668-BE54-9A1E7A4F7556}") = "Translation", "Translation\Translation.csproj", "{04FE6932-C57E-48B6-8B13-01889D2269C0}"
EndProject
Project("{9A19103F-16F7-4668-BE54-9A1E7A4F7556}") = "Translation.DataService", "Translation.DataService\Translation.DataService.csproj", "{823142BD-9181-4285-846B-90A149A3D207}"
EndProject
Project("{9A19103F-16F7-4668-BE54-9A1E7A4F7556}") = "Translation.Core", "Translation.Core\Translation.Core.csproj", "{E679A005-26CA-4EE8-A273-1AE1CF91AFC4}"
EndProject
Project("{FAE04EC0-301F-11D3-BF4B-00C04F79EFBC}") = "Translation.iOS", "Translation.iOS\Translation.iOS.csproj", "{F62739B3-93D6-4481-B7B4-887411CF8B99}"
EndProject
Global
	GlobalSection(SolutionConfigurationPlatforms) = preSolution
		Debug|Any CPU = Debug|Any CPU
		Debug|iPhone = Debug|iPhone
		Debug|iPhoneSimulator = Debug|iPhoneSimulator
		Debug|x86 = Debug|x86
		Dev|Any CPU = Dev|Any CPU
		Dev|iPhone = Dev|iPhone
		Dev|iPhoneSimulator = Dev|iPhoneSimulator
		Dev|x86 = Dev|x86
		Release|Any CPU = Release|Any CPU
		Release|iPhone = Release|iPhone
		Release|iPhoneSimulator = Release|iPhoneSimulator
		Release|x86 = Release|x86
		Staging|Any CPU = Staging|Any CPU
		Staging|iPhone = Staging|iPhone
		Staging|iPhoneSimulator = Staging|iPhoneSimulator
		Staging|x86 = Staging|x86
	EndGlobalSection
	GlobalSection(ProjectConfigurationPlatforms) = postSolution
		{9EF22E17-3DCC-4146-9046-B0C55D78AB1B}.Debug|Any CPU.ActiveCfg = Debug|Any CPU
		{9EF22E17-3DCC-4146-9046-B0C55D78AB1B}.Debug|Any CPU.Build.0 = Debug|Any CPU
		{9EF22E17-3DCC-4146-9046-B0C55D78AB1B}.Debug|Any CPU.Deploy.0 = Debug|Any CPU
		{9EF22E17-3DCC-4146-9046-B0C55D78AB1B}.Debug|iPhone.ActiveCfg = Debug|Any CPU
		{9EF22E17-3DCC-4146-9046-B0C55D78AB1B}.Debug|iPhone.Build.0 = Debug|Any CPU
		{9EF22E17-3DCC-4146-9046-B0C55D78AB1B}.Debug|iPhone.Deploy.0 = Debug|Any CPU
		{9EF22E17-3DCC-4146-9046-B0C55D78AB1B}.Debug|iPhoneSimulator.ActiveCfg = Debug|Any CPU
		{9EF22E17-3DCC-4146-9046-B0C55D78AB1B}.Debug|iPhoneSimulator.Build.0 = Debug|Any CPU
		{9EF22E17-3DCC-4146-9046-B0C55D78AB1B}.Debug|iPhoneSimulator.Deploy.0 = Debug|Any CPU
		{9EF22E17-3DCC-4146-9046-B0C55D78AB1B}.Debug|x86.ActiveCfg = Debug|x86
		{9EF22E17-3DCC-4146-9046-B0C55D78AB1B}.Debug|x86.Build.0 = Debug|x86
		{9EF22E17-3DCC-4146-9046-B0C55D78AB1B}.Debug|x86.Deploy.0 = Debug|x86
		{9EF22E17-3DCC-4146-9046-B0C55D78AB1B}.Dev|Any CPU.ActiveCfg = Dev|Any CPU
		{9EF22E17-3DCC-4146-9046-B0C55D78AB1B}.Dev|Any CPU.Build.0 = Dev|Any CPU
		{9EF22E17-3DCC-4146-9046-B0C55D78AB1B}.Dev|Any CPU.Deploy.0 = Dev|Any CPU
		{9EF22E17-3DCC-4146-9046-B0C55D78AB1B}.Dev|iPhone.ActiveCfg = Dev|Any CPU
		{9EF22E17-3DCC-4146-9046-B0C55D78AB1B}.Dev|iPhone.Build.0 = Dev|Any CPU
		{9EF22E17-3DCC-4146-9046-B0C55D78AB1B}.Dev|iPhone.Deploy.0 = Dev|Any CPU
		{9EF22E17-3DCC-4146-9046-B0C55D78AB1B}.Dev|iPhoneSimulator.ActiveCfg = Dev|Any CPU
		{9EF22E17-3DCC-4146-9046-B0C55D78AB1B}.Dev|iPhoneSimulator.Build.0 = Dev|Any CPU
		{9EF22E17-3DCC-4146-9046-B0C55D78AB1B}.Dev|iPhoneSimulator.Deploy.0 = Dev|Any CPU
		{9EF22E17-3DCC-4146-9046-B0C55D78AB1B}.Dev|x86.ActiveCfg = Dev|x86
		{9EF22E17-3DCC-4146-9046-B0C55D78AB1B}.Dev|x86.Build.0 = Dev|x86
		{9EF22E17-3DCC-4146-9046-B0C55D78AB1B}.Dev|x86.Deploy.0 = Dev|x86
		{9EF22E17-3DCC-4146-9046-B0C55D78AB1B}.Release|Any CPU.ActiveCfg = Release|Any CPU
		{9EF22E17-3DCC-4146-9046-B0C55D78AB1B}.Release|Any CPU.Build.0 = Release|Any CPU
		{9EF22E17-3DCC-4146-9046-B0C55D78AB1B}.Release|Any CPU.Deploy.0 = Release|Any CPU
		{9EF22E17-3DCC-4146-9046-B0C55D78AB1B}.Release|iPhone.ActiveCfg = Release|Any CPU
		{9EF22E17-3DCC-4146-9046-B0C55D78AB1B}.Release|iPhone.Build.0 = Release|Any CPU
		{9EF22E17-3DCC-4146-9046-B0C55D78AB1B}.Release|iPhone.Deploy.0 = Release|Any CPU
		{9EF22E17-3DCC-4146-9046-B0C55D78AB1B}.Release|iPhoneSimulator.ActiveCfg = Release|Any CPU
		{9EF22E17-3DCC-4146-9046-B0C55D78AB1B}.Release|iPhoneSimulator.Build.0 = Release|Any CPU
		{9EF22E17-3DCC-4146-9046-B0C55D78AB1B}.Release|iPhoneSimulator.Deploy.0 = Release|Any CPU
		{9EF22E17-3DCC-4146-9046-B0C55D78AB1B}.Release|x86.ActiveCfg = Release|x86
		{9EF22E17-3DCC-4146-9046-B0C55D78AB1B}.Release|x86.Build.0 = Release|x86
		{9EF22E17-3DCC-4146-9046-B0C55D78AB1B}.Release|x86.Deploy.0 = Release|x86
		{9EF22E17-3DCC-4146-9046-B0C55D78AB1B}.Staging|Any CPU.ActiveCfg = Staging|Any CPU
		{9EF22E17-3DCC-4146-9046-B0C55D78AB1B}.Staging|Any CPU.Build.0 = Staging|Any CPU
		{9EF22E17-3DCC-4146-9046-B0C55D78AB1B}.Staging|Any CPU.Deploy.0 = Staging|Any CPU
		{9EF22E17-3DCC-4146-9046-B0C55D78AB1B}.Staging|iPhone.ActiveCfg = Staging|Any CPU
		{9EF22E17-3DCC-4146-9046-B0C55D78AB1B}.Staging|iPhone.Build.0 = Staging|Any CPU
		{9EF22E17-3DCC-4146-9046-B0C55D78AB1B}.Staging|iPhone.Deploy.0 = Staging|Any CPU
		{9EF22E17-3DCC-4146-9046-B0C55D78AB1B}.Staging|iPhoneSimulator.ActiveCfg = Staging|Any CPU
		{9EF22E17-3DCC-4146-9046-B0C55D78AB1B}.Staging|iPhoneSimulator.Build.0 = Staging|Any CPU
		{9EF22E17-3DCC-4146-9046-B0C55D78AB1B}.Staging|iPhoneSimulator.Deploy.0 = Staging|Any CPU
		{9EF22E17-3DCC-4146-9046-B0C55D78AB1B}.Staging|x86.ActiveCfg = Staging|x86
		{9EF22E17-3DCC-4146-9046-B0C55D78AB1B}.Staging|x86.Build.0 = Staging|x86
		{9EF22E17-3DCC-4146-9046-B0C55D78AB1B}.Staging|x86.Deploy.0 = Staging|x86
		{04FE6932-C57E-48B6-8B13-01889D2269C0}.Debug|Any CPU.ActiveCfg = Debug|Any CPU
		{04FE6932-C57E-48B6-8B13-01889D2269C0}.Debug|Any CPU.Build.0 = Debug|Any CPU
		{04FE6932-C57E-48B6-8B13-01889D2269C0}.Debug|Any CPU.Deploy.0 = Debug|Any CPU
		{04FE6932-C57E-48B6-8B13-01889D2269C0}.Debug|iPhone.ActiveCfg = Debug|Any CPU
		{04FE6932-C57E-48B6-8B13-01889D2269C0}.Debug|iPhone.Build.0 = Debug|Any CPU
		{04FE6932-C57E-48B6-8B13-01889D2269C0}.Debug|iPhone.Deploy.0 = Debug|Any CPU
		{04FE6932-C57E-48B6-8B13-01889D2269C0}.Debug|iPhoneSimulator.ActiveCfg = Debug|Any CPU
		{04FE6932-C57E-48B6-8B13-01889D2269C0}.Debug|iPhoneSimulator.Build.0 = Debug|Any CPU
		{04FE6932-C57E-48B6-8B13-01889D2269C0}.Debug|iPhoneSimulator.Deploy.0 = Debug|Any CPU
		{04FE6932-C57E-48B6-8B13-01889D2269C0}.Debug|x86.ActiveCfg = Debug|Any CPU
		{04FE6932-C57E-48B6-8B13-01889D2269C0}.Debug|x86.Build.0 = Debug|Any CPU
		{04FE6932-C57E-48B6-8B13-01889D2269C0}.Dev|Any CPU.ActiveCfg = Dev|Any CPU
		{04FE6932-C57E-48B6-8B13-01889D2269C0}.Dev|Any CPU.Build.0 = Dev|Any CPU
		{04FE6932-C57E-48B6-8B13-01889D2269C0}.Dev|iPhone.ActiveCfg = Dev|Any CPU
		{04FE6932-C57E-48B6-8B13-01889D2269C0}.Dev|iPhone.Build.0 = Dev|Any CPU
		{04FE6932-C57E-48B6-8B13-01889D2269C0}.Dev|iPhoneSimulator.ActiveCfg = Dev|Any CPU
		{04FE6932-C57E-48B6-8B13-01889D2269C0}.Dev|iPhoneSimulator.Build.0 = Dev|Any CPU
		{04FE6932-C57E-48B6-8B13-01889D2269C0}.Dev|x86.ActiveCfg = Dev|Any CPU
		{04FE6932-C57E-48B6-8B13-01889D2269C0}.Dev|x86.Build.0 = Dev|Any CPU
		{04FE6932-C57E-48B6-8B13-01889D2269C0}.Release|Any CPU.ActiveCfg = Release|Any CPU
		{04FE6932-C57E-48B6-8B13-01889D2269C0}.Release|Any CPU.Build.0 = Release|Any CPU
		{04FE6932-C57E-48B6-8B13-01889D2269C0}.Release|Any CPU.Deploy.0 = Release|Any CPU
		{04FE6932-C57E-48B6-8B13-01889D2269C0}.Release|iPhone.ActiveCfg = Release|Any CPU
		{04FE6932-C57E-48B6-8B13-01889D2269C0}.Release|iPhone.Build.0 = Release|Any CPU
		{04FE6932-C57E-48B6-8B13-01889D2269C0}.Release|iPhone.Deploy.0 = Release|Any CPU
		{04FE6932-C57E-48B6-8B13-01889D2269C0}.Release|iPhoneSimulator.ActiveCfg = Release|Any CPU
		{04FE6932-C57E-48B6-8B13-01889D2269C0}.Release|iPhoneSimulator.Build.0 = Release|Any CPU
		{04FE6932-C57E-48B6-8B13-01889D2269C0}.Release|iPhoneSimulator.Deploy.0 = Release|Any CPU
		{04FE6932-C57E-48B6-8B13-01889D2269C0}.Release|x86.ActiveCfg = Release|Any CPU
		{04FE6932-C57E-48B6-8B13-01889D2269C0}.Release|x86.Build.0 = Release|Any CPU
		{04FE6932-C57E-48B6-8B13-01889D2269C0}.Staging|Any CPU.ActiveCfg = Staging|Any CPU
		{04FE6932-C57E-48B6-8B13-01889D2269C0}.Staging|Any CPU.Build.0 = Staging|Any CPU
		{04FE6932-C57E-48B6-8B13-01889D2269C0}.Staging|iPhone.ActiveCfg = Staging|Any CPU
		{04FE6932-C57E-48B6-8B13-01889D2269C0}.Staging|iPhone.Build.0 = Staging|Any CPU
		{04FE6932-C57E-48B6-8B13-01889D2269C0}.Staging|iPhoneSimulator.ActiveCfg = Staging|Any CPU
		{04FE6932-C57E-48B6-8B13-01889D2269C0}.Staging|iPhoneSimulator.Build.0 = Staging|Any CPU
		{04FE6932-C57E-48B6-8B13-01889D2269C0}.Staging|x86.ActiveCfg = Staging|Any CPU
		{04FE6932-C57E-48B6-8B13-01889D2269C0}.Staging|x86.Build.0 = Staging|Any CPU
		{823142BD-9181-4285-846B-90A149A3D207}.Debug|Any CPU.ActiveCfg = Debug|Any CPU
		{823142BD-9181-4285-846B-90A149A3D207}.Debug|Any CPU.Build.0 = Debug|Any CPU
		{823142BD-9181-4285-846B-90A149A3D207}.Debug|iPhone.ActiveCfg = Debug|Any CPU
		{823142BD-9181-4285-846B-90A149A3D207}.Debug|iPhone.Build.0 = Debug|Any CPU
		{823142BD-9181-4285-846B-90A149A3D207}.Debug|iPhoneSimulator.ActiveCfg = Debug|Any CPU
		{823142BD-9181-4285-846B-90A149A3D207}.Debug|iPhoneSimulator.Build.0 = Debug|Any CPU
		{823142BD-9181-4285-846B-90A149A3D207}.Debug|x86.ActiveCfg = Debug|Any CPU
		{823142BD-9181-4285-846B-90A149A3D207}.Debug|x86.Build.0 = Debug|Any CPU
		{823142BD-9181-4285-846B-90A149A3D207}.Dev|Any CPU.ActiveCfg = Dev|Any CPU
		{823142BD-9181-4285-846B-90A149A3D207}.Dev|Any CPU.Build.0 = Dev|Any CPU
		{823142BD-9181-4285-846B-90A149A3D207}.Dev|iPhone.ActiveCfg = Dev|Any CPU
		{823142BD-9181-4285-846B-90A149A3D207}.Dev|iPhone.Build.0 = Dev|Any CPU
		{823142BD-9181-4285-846B-90A149A3D207}.Dev|iPhoneSimulator.ActiveCfg = Dev|Any CPU
		{823142BD-9181-4285-846B-90A149A3D207}.Dev|iPhoneSimulator.Build.0 = Dev|Any CPU
		{823142BD-9181-4285-846B-90A149A3D207}.Dev|x86.ActiveCfg = Dev|Any CPU
		{823142BD-9181-4285-846B-90A149A3D207}.Dev|x86.Build.0 = Dev|Any CPU
		{823142BD-9181-4285-846B-90A149A3D207}.Release|Any CPU.ActiveCfg = Release|Any CPU
		{823142BD-9181-4285-846B-90A149A3D207}.Release|Any CPU.Build.0 = Release|Any CPU
		{823142BD-9181-4285-846B-90A149A3D207}.Release|iPhone.ActiveCfg = Release|Any CPU
		{823142BD-9181-4285-846B-90A149A3D207}.Release|iPhone.Build.0 = Release|Any CPU
		{823142BD-9181-4285-846B-90A149A3D207}.Release|iPhoneSimulator.ActiveCfg = Release|Any CPU
		{823142BD-9181-4285-846B-90A149A3D207}.Release|iPhoneSimulator.Build.0 = Release|Any CPU
		{823142BD-9181-4285-846B-90A149A3D207}.Release|x86.ActiveCfg = Release|Any CPU
		{823142BD-9181-4285-846B-90A149A3D207}.Release|x86.Build.0 = Release|Any CPU
		{823142BD-9181-4285-846B-90A149A3D207}.Staging|Any CPU.ActiveCfg = Staging|Any CPU
		{823142BD-9181-4285-846B-90A149A3D207}.Staging|Any CPU.Build.0 = Staging|Any CPU
		{823142BD-9181-4285-846B-90A149A3D207}.Staging|iPhone.ActiveCfg = Staging|Any CPU
		{823142BD-9181-4285-846B-90A149A3D207}.Staging|iPhone.Build.0 = Staging|Any CPU
		{823142BD-9181-4285-846B-90A149A3D207}.Staging|iPhoneSimulator.ActiveCfg = Staging|Any CPU
		{823142BD-9181-4285-846B-90A149A3D207}.Staging|iPhoneSimulator.Build.0 = Staging|Any CPU
		{823142BD-9181-4285-846B-90A149A3D207}.Staging|x86.ActiveCfg = Staging|Any CPU
		{823142BD-9181-4285-846B-90A149A3D207}.Staging|x86.Build.0 = Staging|Any CPU
		{E679A005-26CA-4EE8-A273-1AE1CF91AFC4}.Debug|Any CPU.ActiveCfg = Debug|Any CPU
		{E679A005-26CA-4EE8-A273-1AE1CF91AFC4}.Debug|Any CPU.Build.0 = Debug|Any CPU
		{E679A005-26CA-4EE8-A273-1AE1CF91AFC4}.Debug|iPhone.ActiveCfg = Debug|Any CPU
		{E679A005-26CA-4EE8-A273-1AE1CF91AFC4}.Debug|iPhone.Build.0 = Debug|Any CPU
		{E679A005-26CA-4EE8-A273-1AE1CF91AFC4}.Debug|iPhoneSimulator.ActiveCfg = Debug|Any CPU
		{E679A005-26CA-4EE8-A273-1AE1CF91AFC4}.Debug|iPhoneSimulator.Build.0 = Debug|Any CPU
		{E679A005-26CA-4EE8-A273-1AE1CF91AFC4}.Debug|x86.ActiveCfg = Debug|Any CPU
		{E679A005-26CA-4EE8-A273-1AE1CF91AFC4}.Debug|x86.Build.0 = Debug|Any CPU
		{E679A005-26CA-4EE8-A273-1AE1CF91AFC4}.Dev|Any CPU.ActiveCfg = Debug|Any CPU
		{E679A005-26CA-4EE8-A273-1AE1CF91AFC4}.Dev|Any CPU.Build.0 = Debug|Any CPU
		{E679A005-26CA-4EE8-A273-1AE1CF91AFC4}.Dev|iPhone.ActiveCfg = Debug|Any CPU
		{E679A005-26CA-4EE8-A273-1AE1CF91AFC4}.Dev|iPhone.Build.0 = Debug|Any CPU
		{E679A005-26CA-4EE8-A273-1AE1CF91AFC4}.Dev|iPhoneSimulator.ActiveCfg = Debug|Any CPU
		{E679A005-26CA-4EE8-A273-1AE1CF91AFC4}.Dev|iPhoneSimulator.Build.0 = Debug|Any CPU
		{E679A005-26CA-4EE8-A273-1AE1CF91AFC4}.Dev|x86.ActiveCfg = Debug|Any CPU
		{E679A005-26CA-4EE8-A273-1AE1CF91AFC4}.Dev|x86.Build.0 = Debug|Any CPU
		{E679A005-26CA-4EE8-A273-1AE1CF91AFC4}.Release|Any CPU.ActiveCfg = Release|Any CPU
		{E679A005-26CA-4EE8-A273-1AE1CF91AFC4}.Release|Any CPU.Build.0 = Release|Any CPU
		{E679A005-26CA-4EE8-A273-1AE1CF91AFC4}.Release|iPhone.ActiveCfg = Release|Any CPU
		{E679A005-26CA-4EE8-A273-1AE1CF91AFC4}.Release|iPhone.Build.0 = Release|Any CPU
		{E679A005-26CA-4EE8-A273-1AE1CF91AFC4}.Release|iPhoneSimulator.ActiveCfg = Release|Any CPU
		{E679A005-26CA-4EE8-A273-1AE1CF91AFC4}.Release|iPhoneSimulator.Build.0 = Release|Any CPU
		{E679A005-26CA-4EE8-A273-1AE1CF91AFC4}.Release|x86.ActiveCfg = Release|Any CPU
		{E679A005-26CA-4EE8-A273-1AE1CF91AFC4}.Release|x86.Build.0 = Release|Any CPU
		{E679A005-26CA-4EE8-A273-1AE1CF91AFC4}.Staging|Any CPU.ActiveCfg = Debug|Any CPU
		{E679A005-26CA-4EE8-A273-1AE1CF91AFC4}.Staging|Any CPU.Build.0 = Debug|Any CPU
		{E679A005-26CA-4EE8-A273-1AE1CF91AFC4}.Staging|iPhone.ActiveCfg = Debug|Any CPU
		{E679A005-26CA-4EE8-A273-1AE1CF91AFC4}.Staging|iPhone.Build.0 = Debug|Any CPU
		{E679A005-26CA-4EE8-A273-1AE1CF91AFC4}.Staging|iPhoneSimulator.ActiveCfg = Debug|Any CPU
		{E679A005-26CA-4EE8-A273-1AE1CF91AFC4}.Staging|iPhoneSimulator.Build.0 = Debug|Any CPU
		{E679A005-26CA-4EE8-A273-1AE1CF91AFC4}.Staging|x86.ActiveCfg = Debug|Any CPU
		{E679A005-26CA-4EE8-A273-1AE1CF91AFC4}.Staging|x86.Build.0 = Debug|Any CPU
		{F62739B3-93D6-4481-B7B4-887411CF8B99}.Debug|Any CPU.ActiveCfg = Debug|iPhoneSimulator
		{F62739B3-93D6-4481-B7B4-887411CF8B99}.Debug|iPhone.ActiveCfg = Debug|iPhone
		{F62739B3-93D6-4481-B7B4-887411CF8B99}.Debug|iPhone.Build.0 = Debug|iPhone
		{F62739B3-93D6-4481-B7B4-887411CF8B99}.Debug|iPhoneSimulator.ActiveCfg = Debug|iPhoneSimulator
		{F62739B3-93D6-4481-B7B4-887411CF8B99}.Debug|iPhoneSimulator.Build.0 = Debug|iPhoneSimulator
		{F62739B3-93D6-4481-B7B4-887411CF8B99}.Debug|x86.ActiveCfg = Debug|iPhoneSimulator
		{F62739B3-93D6-4481-B7B4-887411CF8B99}.Dev|Any CPU.ActiveCfg = Dev|iPhoneSimulator
		{F62739B3-93D6-4481-B7B4-887411CF8B99}.Dev|iPhone.ActiveCfg = Dev|iPhone
		{F62739B3-93D6-4481-B7B4-887411CF8B99}.Dev|iPhone.Build.0 = Dev|iPhone
		{F62739B3-93D6-4481-B7B4-887411CF8B99}.Dev|iPhoneSimulator.ActiveCfg = Dev|iPhoneSimulator
		{F62739B3-93D6-4481-B7B4-887411CF8B99}.Dev|iPhoneSimulator.Build.0 = Dev|iPhoneSimulator
		{F62739B3-93D6-4481-B7B4-887411CF8B99}.Dev|x86.ActiveCfg = Dev|iPhoneSimulator
		{F62739B3-93D6-4481-B7B4-887411CF8B99}.Release|Any CPU.ActiveCfg = Release|iPhoneSimulator
		{F62739B3-93D6-4481-B7B4-887411CF8B99}.Release|iPhone.ActiveCfg = Release|iPhone
		{F62739B3-93D6-4481-B7B4-887411CF8B99}.Release|iPhone.Build.0 = Release|iPhone
		{F62739B3-93D6-4481-B7B4-887411CF8B99}.Release|iPhoneSimulator.ActiveCfg = Release|iPhoneSimulator
		{F62739B3-93D6-4481-B7B4-887411CF8B99}.Release|iPhoneSimulator.Build.0 = Release|iPhoneSimulator
		{F62739B3-93D6-4481-B7B4-887411CF8B99}.Release|x86.ActiveCfg = Release|iPhoneSimulator
		{F62739B3-93D6-4481-B7B4-887411CF8B99}.Staging|Any CPU.ActiveCfg = Staging|iPhoneSimulator
		{F62739B3-93D6-4481-B7B4-887411CF8B99}.Staging|iPhone.ActiveCfg = Staging|iPhone
		{F62739B3-93D6-4481-B7B4-887411CF8B99}.Staging|iPhone.Build.0 = Staging|iPhone
		{F62739B3-93D6-4481-B7B4-887411CF8B99}.Staging|iPhoneSimulator.ActiveCfg = Staging|iPhoneSimulator
		{F62739B3-93D6-4481-B7B4-887411CF8B99}.Staging|iPhoneSimulator.Build.0 = Staging|iPhoneSimulator
		{F62739B3-93D6-4481-B7B4-887411CF8B99}.Staging|x86.ActiveCfg = Staging|iPhoneSimulator
	EndGlobalSection
	GlobalSection(SolutionProperties) = preSolution
		HideSolutionNode = FALSE
	EndGlobalSection
	GlobalSection(ExtensibilityGlobals) = postSolution
		SolutionGuid = {D6189167-64CA-4F21-9FC6-ABEC279E8188}
	EndGlobalSection
EndGlobal
